
Microsoft Visual Studio Solution File, Format Version 12.00
# Visual Studio Version 17
VisualStudioVersion = 17.3.32922.545
MinimumVisualStudioVersion = 10.0.40219.1
Project("{FAE04EC0-301F-11D3-BF4B-00C04F79EFBC}") = "ConsoleApp2", "ConsoleApp2\ConsoleApp2.csproj", "{C529C06E-E7E8-43A7-A247-DB00499AC2CD}"
EndProject
Global
	GlobalSection(SolutionConfigurationPlatforms) = preSolution
		Debug|Any CPU = Debug|Any CPU
		Release|Any CPU = Release|Any CPU
	EndGlobalSection
	GlobalSection(ProjectConfigurationPlatforms) = postSolution
		{C529C06E-E7E8-43A7-A247-DB00499AC2CD}.Debug|Any CPU.ActiveCfg = Debug|Any CPU
		{C529C06E-E7E8-43A7-A247-DB00499AC2CD}.Debug|Any CPU.Build.0 = Debug|Any CPU
		{C529C06E-E7E8-43A7-A247-DB00499AC2CD}.Release|Any CPU.ActiveCfg = Release|Any CPU
		{C529C06E-E7E8-43A7-A247-DB00499AC2CD}.Release|Any CPU.Build.0 = Release|Any CPU
	EndGlobalSection
	GlobalSection(SolutionProperties) = preSolution
		HideSolutionNode = FALSE
	EndGlobalSection
	GlobalSection(ExtensibilityGlobals) = postSolution
		SolutionGuid = {BC2FCDFE-76BD-406D-AD3D-EC85FA906088}
	EndGlobalSection
EndGlobal
